// !$*UTF8*$!
{
	archiveVersion = 1;
	classes = {
	};
	objectVersion = 51;
	objects = {

/* Begin PBXBuildFile section */
		10F5735A2463E61D009B68EA /* AppDelegate.swift in Sources */ = {isa = PBXBuildFile; fileRef = 10F573592463E61D009B68EA /* AppDelegate.swift */; };
		10F5735C2463E61D009B68EA /* SceneDelegate.swift in Sources */ = {isa = PBXBuildFile; fileRef = 10F5735B2463E61D009B68EA /* SceneDelegate.swift */; };
		10F5735E2463E61D009B68EA /* LoginViewController.swift in Sources */ = {isa = PBXBuildFile; fileRef = 10F5735D2463E61D009B68EA /* LoginViewController.swift */; };
		10F573612463E61D009B68EA /* Main.storyboard in Resources */ = {isa = PBXBuildFile; fileRef = 10F5735F2463E61D009B68EA /* Main.storyboard */; };
		10F573632463E623009B68EA /* Assets.xcassets in Resources */ = {isa = PBXBuildFile; fileRef = 10F573622463E623009B68EA /* Assets.xcassets */; };
		10F573662463E623009B68EA /* LaunchScreen.storyboard in Resources */ = {isa = PBXBuildFile; fileRef = 10F573642463E623009B68EA /* LaunchScreen.storyboard */; };
		10F5738A2463EB77009B68EA /* WebViewController.swift in Sources */ = {isa = PBXBuildFile; fileRef = 10F573892463EB77009B68EA /* WebViewController.swift */; };
		10F5738D24640586009B68EA /* WebKit.framework in Frameworks */ = {isa = PBXBuildFile; fileRef = 10F5738C24640586009B68EA /* WebKit.framework */; };
		C80ECE8BFE499144F51CCD4D /* Pods_McKinley1.framework in Frameworks */ = {isa = PBXBuildFile; fileRef = B4AB1C45AD691C4D5CC015A7 /* Pods_McKinley1.framework */; };
/* End PBXBuildFile section */

/* Begin PBXContainerItemProxy section */
		10F5736D2463E623009B68EA /* PBXContainerItemProxy */ = {
			isa = PBXContainerItemProxy;
			containerPortal = 10F5734E2463E61D009B68EA /* Project object */;
			proxyType = 1;
			remoteGlobalIDString = 10F573552463E61D009B68EA;
			remoteInfo = McKinley1;
		};
		10F573782463E623009B68EA /* PBXContainerItemProxy */ = {
			isa = PBXContainerItemProxy;
			containerPortal = 10F5734E2463E61D009B68EA /* Project object */;
			proxyType = 1;
			remoteGlobalIDString = 10F573552463E61D009B68EA;
			remoteInfo = McKinley1;
		};
/* End PBXContainerItemProxy section */

/* Begin PBXFileReference section */
		10F573562463E61D009B68EA /* McKinley1.app */ = {isa = PBXFileReference; explicitFileType = wrapper.application; includeInIndex = 0; path = McKinley1.app; sourceTree = BUILT_PRODUCTS_DIR; };
		10F573592463E61D009B68EA /* AppDelegate.swift */ = {isa = PBXFileReference; lastKnownFileType = sourcecode.swift; path = AppDelegate.swift; sourceTree = "<group>"; };
		10F5735B2463E61D009B68EA /* SceneDelegate.swift */ = {isa = PBXFileReference; lastKnownFileType = sourcecode.swift; path = SceneDelegate.swift; sourceTree = "<group>"; };
		10F5735D2463E61D009B68EA /* LoginViewController.swift */ = {isa = PBXFileReference; lastKnownFileType = sourcecode.swift; path = LoginViewController.swift; sourceTree = "<group>"; };
		10F573602463E61D009B68EA /* Base */ = {isa = PBXFileReference; lastKnownFileType = file.storyboard; name = Base; path = Base.lproj/Main.storyboard; sourceTree = "<group>"; };
		10F573622463E623009B68EA /* Assets.xcassets */ = {isa = PBXFileReference; lastKnownFileType = folder.assetcatalog; path = Assets.xcassets; sourceTree = "<group>"; };
		10F573652463E623009B68EA /* Base */ = {isa = PBXFileReference; lastKnownFileType = file.storyboard; name = Base; path = Base.lproj/LaunchScreen.storyboard; sourceTree = "<group>"; };
		10F573672463E623009B68EA /* Info.plist */ = {isa = PBXFileReference; lastKnownFileType = text.plist.xml; path = Info.plist; sourceTree = "<group>"; };
		10F5736C2463E623009B68EA /* McKinley1Tests.xctest */ = {isa = PBXFileReference; explicitFileType = wrapper.cfbundle; includeInIndex = 0; path = McKinley1Tests.xctest; sourceTree = BUILT_PRODUCTS_DIR; };
		10F573772463E623009B68EA /* McKinley1UITests.xctest */ = {isa = PBXFileReference; explicitFileType = wrapper.cfbundle; includeInIndex = 0; path = McKinley1UITests.xctest; sourceTree = BUILT_PRODUCTS_DIR; };
		10F573892463EB77009B68EA /* WebViewController.swift */ = {isa = PBXFileReference; lastKnownFileType = sourcecode.swift; path = WebViewController.swift; sourceTree = "<group>"; };
		10F5738C24640586009B68EA /* WebKit.framework */ = {isa = PBXFileReference; lastKnownFileType = wrapper.framework; name = WebKit.framework; path = System/Library/Frameworks/WebKit.framework; sourceTree = SDKROOT; };
		1AFD3FFFA7404492C1EC5DF4 /* Pods-McKinley1.debug.xcconfig */ = {isa = PBXFileReference; includeInIndex = 1; lastKnownFileType = text.xcconfig; name = "Pods-McKinley1.debug.xcconfig"; path = "Target Support Files/Pods-McKinley1/Pods-McKinley1.debug.xcconfig"; sourceTree = "<group>"; };
		366684B5E7B3437EB4AF4CEE /* Pods-McKinley1.release.xcconfig */ = {isa = PBXFileReference; includeInIndex = 1; lastKnownFileType = text.xcconfig; name = "Pods-McKinley1.release.xcconfig"; path = "Target Support Files/Pods-McKinley1/Pods-McKinley1.release.xcconfig"; sourceTree = "<group>"; };
		B4AB1C45AD691C4D5CC015A7 /* Pods_McKinley1.framework */ = {isa = PBXFileReference; explicitFileType = wrapper.framework; includeInIndex = 0; path = Pods_McKinley1.framework; sourceTree = BUILT_PRODUCTS_DIR; };
/* End PBXFileReference section */

/* Begin PBXFrameworksBuildPhase section */
		10F573532463E61D009B68EA /* Frameworks */ = {
			isa = PBXFrameworksBuildPhase;
			buildActionMask = 2147483647;
			files = (
				10F5738D24640586009B68EA /* WebKit.framework in Frameworks */,
				C80ECE8BFE499144F51CCD4D /* Pods_McKinley1.framework in Frameworks */,
			);
			runOnlyForDeploymentPostprocessing = 0;
		};
		10F573692463E623009B68EA /* Frameworks */ = {
			isa = PBXFrameworksBuildPhase;
			buildActionMask = 2147483647;
			files = (
			);
			runOnlyForDeploymentPostprocessing = 0;
		};
		10F573742463E623009B68EA /* Frameworks */ = {
			isa = PBXFrameworksBuildPhase;
			buildActionMask = 2147483647;
			files = (
			);
			runOnlyForDeploymentPostprocessing = 0;
		};
/* End PBXFrameworksBuildPhase section */

/* Begin PBXGroup section */
		10F5734D2463E61D009B68EA = {
			isa = PBXGroup;
			children = (
				10F573582463E61D009B68EA /* McKinley1 */,
				10F573572463E61D009B68EA /* Products */,
				4D10FF2EC997E606C92F1A55 /* Pods */,
				FA20779CB73C0F2ED581839E /* Frameworks */,
			);
			sourceTree = "<group>";
		};
		10F573572463E61D009B68EA /* Products */ = {
			isa = PBXGroup;
			children = (
				10F573562463E61D009B68EA /* McKinley1.app */,
				10F5736C2463E623009B68EA /* McKinley1Tests.xctest */,
				10F573772463E623009B68EA /* McKinley1UITests.xctest */,
			);
			name = Products;
			sourceTree = "<group>";
		};
		10F573582463E61D009B68EA /* McKinley1 */ = {
			isa = PBXGroup;
			children = (
				10F573592463E61D009B68EA /* AppDelegate.swift */,
				10F5735B2463E61D009B68EA /* SceneDelegate.swift */,
				10F5738B2463EB85009B68EA /* View Controllers */,
				10F5735F2463E61D009B68EA /* Main.storyboard */,
				10F573622463E623009B68EA /* Assets.xcassets */,
				10F573642463E623009B68EA /* LaunchScreen.storyboard */,
				10F573672463E623009B68EA /* Info.plist */,
			);
			path = McKinley1;
			sourceTree = "<group>";
		};
		10F5738B2463EB85009B68EA /* View Controllers */ = {
			isa = PBXGroup;
			children = (
				10F5735D2463E61D009B68EA /* LoginViewController.swift */,
				10F573892463EB77009B68EA /* WebViewController.swift */,
			);
			path = "View Controllers";
			sourceTree = "<group>";
		};
		4D10FF2EC997E606C92F1A55 /* Pods */ = {
			isa = PBXGroup;
			children = (
				1AFD3FFFA7404492C1EC5DF4 /* Pods-McKinley1.debug.xcconfig */,
				366684B5E7B3437EB4AF4CEE /* Pods-McKinley1.release.xcconfig */,
			);
			path = Pods;
			sourceTree = "<group>";
		};
		FA20779CB73C0F2ED581839E /* Frameworks */ = {
			isa = PBXGroup;
			children = (
				10F5738C24640586009B68EA /* WebKit.framework */,
				B4AB1C45AD691C4D5CC015A7 /* Pods_McKinley1.framework */,
			);
			name = Frameworks;
			sourceTree = "<group>";
		};
/* End PBXGroup section */

/* Begin PBXNativeTarget section */
		10F573552463E61D009B68EA /* McKinley1 */ = {
			isa = PBXNativeTarget;
			buildConfigurationList = 10F573802463E623009B68EA /* Build configuration list for PBXNativeTarget "McKinley1" */;
			buildPhases = (
				A70F3D39CD415DEAE8337479 /* [CP] Check Pods Manifest.lock */,
				10F573522463E61D009B68EA /* Sources */,
				10F573532463E61D009B68EA /* Frameworks */,
				10F573542463E61D009B68EA /* Resources */,
				4BAD5C95605FB653BD1BE1E8 /* [CP] Embed Pods Frameworks */,
			);
			buildRules = (
			);
			dependencies = (
			);
			name = McKinley1;
			productName = McKinley1;
			productReference = 10F573562463E61D009B68EA /* McKinley1.app */;
			productType = "com.apple.product-type.application";
		};
		10F5736B2463E623009B68EA /* McKinley1Tests */ = {
			isa = PBXNativeTarget;
			buildConfigurationList = 10F573832463E623009B68EA /* Build configuration list for PBXNativeTarget "McKinley1Tests" */;
			buildPhases = (
				10F573682463E623009B68EA /* Sources */,
				10F573692463E623009B68EA /* Frameworks */,
				10F5736A2463E623009B68EA /* Resources */,
			);
			buildRules = (
			);
			dependencies = (
				10F5736E2463E623009B68EA /* PBXTargetDependency */,
			);
			name = McKinley1Tests;
			productName = McKinley1Tests;
			productReference = 10F5736C2463E623009B68EA /* McKinley1Tests.xctest */;
			productType = "com.apple.product-type.bundle.unit-test";
		};
		10F573762463E623009B68EA /* McKinley1UITests */ = {
			isa = PBXNativeTarget;
			buildConfigurationList = 10F573862463E623009B68EA /* Build configuration list for PBXNativeTarget "McKinley1UITests" */;
			buildPhases = (
				10F573732463E623009B68EA /* Sources */,
				10F573742463E623009B68EA /* Frameworks */,
				10F573752463E623009B68EA /* Resources */,
			);
			buildRules = (
			);
			dependencies = (
				10F573792463E623009B68EA /* PBXTargetDependency */,
			);
			name = McKinley1UITests;
			productName = McKinley1UITests;
			productReference = 10F573772463E623009B68EA /* McKinley1UITests.xctest */;
			productType = "com.apple.product-type.bundle.ui-testing";
		};
/* End PBXNativeTarget section */

/* Begin PBXProject section */
		10F5734E2463E61D009B68EA /* Project object */ = {
			isa = PBXProject;
			attributes = {
				LastSwiftUpdateCheck = 1140;
				LastUpgradeCheck = 1140;
				ORGANIZATIONNAME = deveshtyagi7;
				TargetAttributes = {
					10F573552463E61D009B68EA = {
						CreatedOnToolsVersion = 11.4.1;
					};
					10F5736B2463E623009B68EA = {
						CreatedOnToolsVersion = 11.4.1;
						TestTargetID = 10F573552463E61D009B68EA;
					};
					10F573762463E623009B68EA = {
						CreatedOnToolsVersion = 11.4.1;
						TestTargetID = 10F573552463E61D009B68EA;
					};
				};
			};
			buildConfigurationList = 10F573512463E61D009B68EA /* Build configuration list for PBXProject "McKinley1" */;
			compatibilityVersion = "Xcode 9.3";
			developmentRegion = en;
			hasScannedForEncodings = 0;
			knownRegions = (
				en,
				Base,
			);
			mainGroup = 10F5734D2463E61D009B68EA;
			productRefGroup = 10F573572463E61D009B68EA /* Products */;
			projectDirPath = "";
			projectRoot = "";
			targets = (
				10F573552463E61D009B68EA /* McKinley1 */,
				10F5736B2463E623009B68EA /* McKinley1Tests */,
				10F573762463E623009B68EA /* McKinley1UITests */,
			);
		};
/* End PBXProject section */

/* Begin PBXResourcesBuildPhase section */
		10F573542463E61D009B68EA /* Resources */ = {
			isa = PBXResourcesBuildPhase;
			buildActionMask = 2147483647;
			files = (
				10F573662463E623009B68EA /* LaunchScreen.storyboard in Resources */,
				10F573632463E623009B68EA /* Assets.xcassets in Resources */,
				10F573612463E61D009B68EA /* Main.storyboard in Resources */,
			);
			runOnlyForDeploymentPostprocessing = 0;
		};
		10F5736A2463E623009B68EA /* Resources */ = {
			isa = PBXResourcesBuildPhase;
			buildActionMask = 2147483647;
			files = (
			);
			runOnlyForDeploymentPostprocessing = 0;
		};
		10F573752463E623009B68EA /* Resources */ = {
			isa = PBXResourcesBuildPhase;
			buildActionMask = 2147483647;
			files = (
			);
			runOnlyForDeploymentPostprocessing = 0;
		};
/* End PBXResourcesBuildPhase section */

/* Begin PBXShellScriptBuildPhase section */
		4BAD5C95605FB653BD1BE1E8 /* [CP] Embed Pods Frameworks */ = {
			isa = PBXShellScriptBuildPhase;
			buildActionMask = 2147483647;
			files = (
			);
			inputFileListPaths = (
				"${PODS_ROOT}/Target Support Files/Pods-McKinley1/Pods-McKinley1-frameworks-${CONFIGURATION}-input-files.xcfilelist",
			);
			name = "[CP] Embed Pods Frameworks";
			outputFileListPaths = (
				"${PODS_ROOT}/Target Support Files/Pods-McKinley1/Pods-McKinley1-frameworks-${CONFIGURATION}-output-files.xcfilelist",
			);
			runOnlyForDeploymentPostprocessing = 0;
			shellPath = /bin/sh;
			shellScript = "\"${PODS_ROOT}/Target Support Files/Pods-McKinley1/Pods-McKinley1-frameworks.sh\"\n";
			showEnvVarsInLog = 0;
		};
		A70F3D39CD415DEAE8337479 /* [CP] Check Pods Manifest.lock */ = {
			isa = PBXShellScriptBuildPhase;
			buildActionMask = 2147483647;
			files = (
			);
			inputFileListPaths = (
			);
			inputPaths = (
				"${PODS_PODFILE_DIR_PATH}/Podfile.lock",
				"${PODS_ROOT}/Manifest.lock",
			);
			name = "[CP] Check Pods Manifest.lock";
			outputFileListPaths = (
			);
			outputPaths = (
				"$(DERIVED_FILE_DIR)/Pods-McKinley1-checkManifestLockResult.txt",
			);
			runOnlyForDeploymentPostprocessing = 0;
			shellPath = /bin/sh;
			shellScript = "diff \"${PODS_PODFILE_DIR_PATH}/Podfile.lock\" \"${PODS_ROOT}/Manifest.lock\" > /dev/null\nif [ $? != 0 ] ; then\n    # print error to STDERR\n    echo \"error: The sandbox is not in sync with the Podfile.lock. Run 'pod install' or update your CocoaPods installation.\" >&2\n    exit 1\nfi\n# This output is used by Xcode 'outputs' to avoid re-running this script phase.\necho \"SUCCESS\" > \"${SCRIPT_OUTPUT_FILE_0}\"\n";
			showEnvVarsInLog = 0;
		};
/* End PBXShellScriptBuildPhase section */

/* Begin PBXSourcesBuildPhase section */
		10F573522463E61D009B68EA /* Sources */ = {
			isa = PBXSourcesBuildPhase;
			buildActionMask = 2147483647;
			files = (
				10F5735E2463E61D009B68EA /* LoginViewController.swift in Sources */,
				10F5735A2463E61D009B68EA /* AppDelegate.swift in Sources */,
				10F5735C2463E61D009B68EA /* SceneDelegate.swift in Sources */,
				10F5738A2463EB77009B68EA /* WebViewController.swift in Sources */,
			);
			runOnlyForDeploymentPostprocessing = 0;
		};
		10F573682463E623009B68EA /* Sources */ = {
			isa = PBXSourcesBuildPhase;
			buildActionMask = 2147483647;
			files = (
			);
			runOnlyForDeploymentPostprocessing = 0;
		};
		10F573732463E623009B68EA /* Sources */ = {
			isa = PBXSourcesBuildPhase;
			buildActionMask = 2147483647;
			files = (
			);
			runOnlyForDeploymentPostprocessing = 0;
		};
/* End PBXSourcesBuildPhase section */

/* Begin PBXTargetDependency section */
		10F5736E2463E623009B68EA /* PBXTargetDependency */ = {
			isa = PBXTargetDependency;
			target = 10F573552463E61D009B68EA /* McKinley1 */;
			targetProxy = 10F5736D2463E623009B68EA /* PBXContainerItemProxy */;
		};
		10F573792463E623009B68EA /* PBXTargetDependency */ = {
			isa = PBXTargetDependency;
			target = 10F573552463E61D009B68EA /* McKinley1 */;
			targetProxy = 10F573782463E623009B68EA /* PBXContainerItemProxy */;
		};
/* End PBXTargetDependency section */

/* Begin PBXVariantGroup section */
		10F5735F2463E61D009B68EA /* Main.storyboard */ = {
			isa = PBXVariantGroup;
			children = (
				10F573602463E61D009B68EA /* Base */,
			);
			name = Main.storyboard;
			sourceTree = "<group>";
		};
		10F573642463E623009B68EA /* LaunchScreen.storyboard */ = {
			isa = PBXVariantGroup;
			children = (
				10F573652463E623009B68EA /* Base */,
			);
			name = LaunchScreen.storyboard;
			sourceTree = "<group>";
		};
/* End PBXVariantGroup section */

/* Begin XCBuildConfiguration section */
		10F5737E2463E623009B68EA /* Debug */ = {
			isa = XCBuildConfiguration;
			buildSettings = {
				ALWAYS_SEARCH_USER_PATHS = NO;
				CLANG_ANALYZER_NONNULL = YES;
				CLANG_ANALYZER_NUMBER_OBJECT_CONVERSION = YES_AGGRESSIVE;
				CLANG_CXX_LANGUAGE_STANDARD = "gnu++14";
				CLANG_CXX_LIBRARY = "libc++";
				CLANG_ENABLE_MODULES = YES;
				CLANG_ENABLE_OBJC_ARC = YES;
				CLANG_ENABLE_OBJC_WEAK = YES;
				CLANG_WARN_BLOCK_CAPTURE_AUTORELEASING = YES;
				CLANG_WARN_BOOL_CONVERSION = YES;
				CLANG_WARN_COMMA = YES;
				CLANG_WARN_CONSTANT_CONVERSION = YES;
				CLANG_WARN_DEPRECATED_OBJC_IMPLEMENTATIONS = YES;
				CLANG_WARN_DIRECT_OBJC_ISA_USAGE = YES_ERROR;
				CLANG_WARN_DOCUMENTATION_COMMENTS = YES;
				CLANG_WARN_EMPTY_BODY = YES;
				CLANG_WARN_ENUM_CONVERSION = YES;
				CLANG_WARN_INFINITE_RECURSION = YES;
				CLANG_WARN_INT_CONVERSION = YES;
				CLANG_WARN_NON_LITERAL_NULL_CONVERSION = YES;
				CLANG_WARN_OBJC_IMPLICIT_RETAIN_SELF = YES;
				CLANG_WARN_OBJC_LITERAL_CONVERSION = YES;
				CLANG_WARN_OBJC_ROOT_CLASS = YES_ERROR;
				CLANG_WARN_RANGE_LOOP_ANALYSIS = YES;
				CLANG_WARN_STRICT_PROTOTYPES = YES;
				CLANG_WARN_SUSPICIOUS_MOVE = YES;
				CLANG_WARN_UNGUARDED_AVAILABILITY = YES_AGGRESSIVE;
				CLANG_WARN_UNREACHABLE_CODE = YES;
				CLANG_WARN__DUPLICATE_METHOD_MATCH = YES;
				COPY_PHASE_STRIP = NO;
				DEBUG_INFORMATION_FORMAT = dwarf;
				ENABLE_STRICT_OBJC_MSGSEND = YES;
				ENABLE_TESTABILITY = YES;
				GCC_C_LANGUAGE_STANDARD = gnu11;
				GCC_DYNAMIC_NO_PIC = NO;
				GCC_NO_COMMON_BLOCKS = YES;
				GCC_OPTIMIZATION_LEVEL = 0;
				GCC_PREPROCESSOR_DEFINITIONS = (
					"DEBUG=1",
					"$(inherited)",
				);
				GCC_WARN_64_TO_32_BIT_CONVERSION = YES;
				GCC_WARN_ABOUT_RETURN_TYPE = YES_ERROR;
				GCC_WARN_UNDECLARED_SELECTOR = YES;
				GCC_WARN_UNINITIALIZED_AUTOS = YES_AGGRESSIVE;
				GCC_WARN_UNUSED_FUNCTION = YES;
				GCC_WARN_UNUSED_VARIABLE = YES;
				IPHONEOS_DEPLOYMENT_TARGET = 13.4;
				MTL_ENABLE_DEBUG_INFO = INCLUDE_SOURCE;
				MTL_FAST_MATH = YES;
				ONLY_ACTIVE_ARCH = YES;
				SDKROOT = iphoneos;
				SWIFT_ACTIVE_COMPILATION_CONDITIONS = DEBUG;
				SWIFT_OPTIMIZATION_LEVEL = "-Onone";
			};
			name = Debug;
		};
		10F5737F2463E623009B68EA /* Release */ = {
			isa = XCBuildConfiguration;
			buildSettings = {
				ALWAYS_SEARCH_USER_PATHS = NO;
				CLANG_ANALYZER_NONNULL = YES;
				CLANG_ANALYZER_NUMBER_OBJECT_CONVERSION = YES_AGGRESSIVE;
				CLANG_CXX_LANGUAGE_STANDARD = "gnu++14";
				CLANG_CXX_LIBRARY = "libc++";
				CLANG_ENABLE_MODULES = YES;
				CLANG_ENABLE_OBJC_ARC = YES;
				CLANG_ENABLE_OBJC_WEAK = YES;
				CLANG_WARN_BLOCK_CAPTURE_AUTORELEASING = YES;
				CLANG_WARN_BOOL_CONVERSION = YES;
				CLANG_WARN_COMMA = YES;
				CLANG_WARN_CONSTANT_CONVERSION = YES;
				CLANG_WARN_DEPRECATED_OBJC_IMPLEMENTATIONS = YES;
				CLANG_WARN_DIRECT_OBJC_ISA_USAGE = YES_ERROR;
				CLANG_WARN_DOCUMENTATION_COMMENTS = YES;
				CLANG_WARN_EMPTY_BODY = YES;
				CLANG_WARN_ENUM_CONVERSION = YES;
				CLANG_WARN_INFINITE_RECURSION = YES;
				CLANG_WARN_INT_CONVERSION = YES;
				CLANG_WARN_NON_LITERAL_NULL_CONVERSION = YES;
				CLANG_WARN_OBJC_IMPLICIT_RETAIN_SELF = YES;
				CLANG_WARN_OBJC_LITERAL_CONVERSION = YES;
				CLANG_WARN_OBJC_ROOT_CLASS = YES_ERROR;
				CLANG_WARN_RANGE_LOOP_ANALYSIS = YES;
				CLANG_WARN_STRICT_PROTOTYPES = YES;
				CLANG_WARN_SUSPICIOUS_MOVE = YES;
				CLANG_WARN_UNGUARDED_AVAILABILITY = YES_AGGRESSIVE;
				CLANG_WARN_UNREACHABLE_CODE = YES;
				CLANG_WARN__DUPLICATE_METHOD_MATCH = YES;
				COPY_PHASE_STRIP = NO;
				DEBUG_INFORMATION_FORMAT = "dwarf-with-dsym";
				ENABLE_NS_ASSERTIONS = NO;
				ENABLE_STRICT_OBJC_MSGSEND = YES;
				GCC_C_LANGUAGE_STANDARD = gnu11;
				GCC_NO_COMMON_BLOCKS = YES;
				GCC_WARN_64_TO_32_BIT_CONVERSION = YES;
				GCC_WARN_ABOUT_RETURN_TYPE = YES_ERROR;
				GCC_WARN_UNDECLARED_SELECTOR = YES;
				GCC_WARN_UNINITIALIZED_AUTOS = YES_AGGRESSIVE;
				GCC_WARN_UNUSED_FUNCTION = YES;
				GCC_WARN_UNUSED_VARIABLE = YES;
				IPHONEOS_DEPLOYMENT_TARGET = 13.4;
				MTL_ENABLE_DEBUG_INFO = NO;
				MTL_FAST_MATH = YES;
				SDKROOT = iphoneos;
				SWIFT_COMPILATION_MODE = wholemodule;
				SWIFT_OPTIMIZATION_LEVEL = "-O";
				VALIDATE_PRODUCT = YES;
			};
			name = Release;
		};
		10F573812463E623009B68EA /* Debug */ = {
			isa = XCBuildConfiguration;
			baseConfigurationReference = 1AFD3FFFA7404492C1EC5DF4 /* Pods-McKinley1.debug.xcconfig */;
			buildSettings = {
				ASSETCATALOG_COMPILER_APPICON_NAME = AppIcon;
				CODE_SIGN_STYLE = Automatic;
				DEVELOPMENT_TEAM = 8HL6GD96GK;
				INFOPLIST_FILE = McKinley1/Info.plist;
				LD_RUNPATH_SEARCH_PATHS = (
					"$(inherited)",
					"@executable_path/Frameworks",
				);
				PRODUCT_BUNDLE_IDENTIFIER = com.devesh.McKinley1;
				PRODUCT_NAME = "$(TARGET_NAME)";
				SWIFT_VERSION = 5.0;
				TARGETED_DEVICE_FAMILY = "1,2";
			};
			name = Debug;
		};
		10F573822463E623009B68EA /* Release */ = {
			isa = XCBuildConfiguration;
			baseConfigurationReference = 366684B5E7B3437EB4AF4CEE /* Pods-McKinley1.release.xcconfig */;
			buildSettings = {
				ASSETCATALOG_COMPILER_APPICON_NAME = AppIcon;
				CODE_SIGN_STYLE = Automatic;
				DEVELOPMENT_TEAM = 8HL6GD96GK;
				INFOPLIST_FILE = McKinley1/Info.plist;
				LD_RUNPATH_SEARCH_PATHS = (
					"$(inherited)",
					"@executable_path/Frameworks",
				);
				PRODUCT_BUNDLE_IDENTIFIER = com.devesh.McKinley1;
				PRODUCT_NAME = "$(TARGET_NAME)";
				SWIFT_VERSION = 5.0;
				TARGETED_DEVICE_FAMILY = "1,2";
			};
			name = Release;
		};
		10F573842463E623009B68EA /* Debug */ = {
			isa = XCBuildConfiguration;
			buildSettings = {
				ALWAYS_EMBED_SWIFT_STANDARD_LIBRARIES = YES;
				BUNDLE_LOADER = "$(TEST_HOST)";
				CODE_SIGN_STYLE = Automatic;
				DEVELOPMENT_TEAM = 8HL6GD96GK;
				INFOPLIST_FILE = McKinley1Tests/Info.plist;
				IPHONEOS_DEPLOYMENT_TARGET = 13.4;
				LD_RUNPATH_SEARCH_PATHS = (
					"$(inherited)",
					"@executable_path/Frameworks",
					"@loader_path/Frameworks",
				);
				PRODUCT_BUNDLE_IDENTIFIER = com.devesh.McKinley1Tests;
				PRODUCT_NAME = "$(TARGET_NAME)";
				SWIFT_VERSION = 5.0;
				TARGETED_DEVICE_FAMILY = "1,2";
				TEST_HOST = "$(BUILT_PRODUCTS_DIR)/McKinley1.app/McKinley1";
			};
			name = Debug;
		};
		10F573852463E623009B68EA /* Release */ = {
			isa = XCBuildConfiguration;
			buildSettings = {
				ALWAYS_EMBED_SWIFT_STANDARD_LIBRARIES = YES;
				BUNDLE_LOADER = "$(TEST_HOST)";
				CODE_SIGN_STYLE = Automatic;
				DEVELOPMENT_TEAM = 8HL6GD96GK;
				INFOPLIST_FILE = McKinley1Tests/Info.plist;
				IPHONEOS_DEPLOYMENT_TARGET = 13.4;
				LD_RUNPATH_SEARCH_PATHS = (
					"$(inherited)",
					"@executable_path/Frameworks",
					"@loader_path/Frameworks",
				);
				PRODUCT_BUNDLE_IDENTIFIER = com.devesh.McKinley1Tests;
				PRODUCT_NAME = "$(TARGET_NAME)";
				SWIFT_VERSION = 5.0;
				TARGETED_DEVICE_FAMILY = "1,2";
				TEST_HOST = "$(BUILT_PRODUCTS_DIR)/McKinley1.app/McKinley1";
			};
			name = Release;
		};
		10F573872463E623009B68EA /* Debug */ = {
			isa = XCBuildConfiguration;
			buildSettings = {
				ALWAYS_EMBED_SWIFT_STANDARD_LIBRARIES = YES;
				CODE_SIGN_STYLE = Automatic;
				DEVELOPMENT_TEAM = 8HL6GD96GK;
				INFOPLIST_FILE = McKinley1UITests/Info.plist;
				LD_RUNPATH_SEARCH_PATHS = (
					"$(inherited)",
					"@executable_path/Frameworks",
					"@loader_path/Frameworks",
				);
				PRODUCT_BUNDLE_IDENTIFIER = com.devesh.McKinley1UITests;
				PRODUCT_NAME = "$(TARGET_NAME)";
				SWIFT_VERSION = 5.0;
				TARGETED_DEVICE_FAMILY = "1,2";
				TEST_TARGET_NAME = McKinley1;
			};
			name = Debug;
		};
		10F573882463E623009B68EA /* Release */ = {
			isa = XCBuildConfiguration;
			buildSettings = {
				ALWAYS_EMBED_SWIFT_STANDARD_LIBRARIES = YES;
				CODE_SIGN_STYLE = Automatic;
				DEVELOPMENT_TEAM = 8HL6GD96GK;
				INFOPLIST_FILE = McKinley1UITests/Info.plist;
				LD_RUNPATH_SEARCH_PATHS = (
					"$(inherited)",
					"@executable_path/Frameworks",
					"@loader_path/Frameworks",
				);
				PRODUCT_BUNDLE_IDENTIFIER = com.devesh.McKinley1UITests;
				PRODUCT_NAME = "$(TARGET_NAME)";
				SWIFT_VERSION = 5.0;
				TARGETED_DEVICE_FAMILY = "1,2";
				TEST_TARGET_NAME = McKinley1;
			};
			name = Release;
		};
/* End XCBuildConfiguration section */

/* Begin XCConfigurationList section */
		10F573512463E61D009B68EA /* Build configuration list for PBXProject "McKinley1" */ = {
			isa = XCConfigurationList;
			buildConfigurations = (
				10F5737E2463E623009B68EA /* Debug */,
				10F5737F2463E623009B68EA /* Release */,
			);
			defaultConfigurationIsVisible = 0;
			defaultConfigurationName = Release;
		};
		10F573802463E623009B68EA /* Build configuration list for PBXNativeTarget "McKinley1" */ = {
			isa = XCConfigurationList;
			buildConfigurations = (
				10F573812463E623009B68EA /* Debug */,
				10F573822463E623009B68EA /* Release */,
			);
			defaultConfigurationIsVisible = 0;
			defaultConfigurationName = Release;
		};
		10F573832463E623009B68EA /* Build configuration list for PBXNativeTarget "McKinley1Tests" */ = {
			isa = XCConfigurationList;
			buildConfigurations = (
				10F573842463E623009B68EA /* Debug */,
				10F573852463E623009B68EA /* Release */,
			);
			defaultConfigurationIsVisible = 0;
			defaultConfigurationName = Release;
		};
		10F573862463E623009B68EA /* Build configuration list for PBXNativeTarget "McKinley1UITests" */ = {
			isa = XCConfigurationList;
			buildConfigurations = (
				10F573872463E623009B68EA /* Debug */,
				10F573882463E623009B68EA /* Release */,
			);
			defaultConfigurationIsVisible = 0;
			defaultConfigurationName = Release;
		};
/* End XCConfigurationList section */
	};
	rootObject = 10F5734E2463E61D009B68EA /* Project object */;
}
